<?xml version="1.0" encoding="utf-8"?>
<Project ToolsVersion="4.0" xmlns="http://schemas.microsoft.com/developer/msbuild/2003">
  <ItemGroup>
    <ClCompile Include="src\Application\main.cpp" />
    <ClCompile Include="src\Engine\Engine.cpp" />
    <ClCompile Include="src\Engine\Input.cpp" />
    <ClCompile Include="src\Engine\ApplicationBase.cpp" />
    <ClCompile Include="src\Engine\D3DHandler.cpp" />
  </ItemGroup>
  <ItemGroup>
    <ClInclude Include="src\Engine\Engine.h" />
    <ClInclude Include="src\Engine\Input.h" />
    <ClInclude Include="src\Engine\ApplicationBase.h" />
    <ClInclude Include="src\Engine\D3DHandler.h" />
  </ItemGroup>
</Project>